
Microsoft Visual Studio Solution File, Format Version 12.00
# Visual Studio Version 16
VisualStudioVersion = 16.0.30104.148
MinimumVisualStudioVersion = 10.0.40219.1
Project("{FAE04EC0-301F-11D3-BF4B-00C04F79EFBC}") = "Grafika3", "Grafika3\Grafika3.csproj", "{F3869856-2FE0-423C-961F-A8FADC7AEB68}"
EndProject
Global
	GlobalSection(SolutionConfigurationPlatforms) = preSolution
		Debug|Any CPU = Debug|Any CPU
		Release|Any CPU = Release|Any CPU
	EndGlobalSection
	GlobalSection(ProjectConfigurationPlatforms) = postSolution
		{F3869856-2FE0-423C-961F-A8FADC7AEB68}.Debug|Any CPU.ActiveCfg = Debug|Any CPU
		{F3869856-2FE0-423C-961F-A8FADC7AEB68}.Debug|Any CPU.Build.0 = Debug|Any CPU
		{F3869856-2FE0-423C-961F-A8FADC7AEB68}.Release|Any CPU.ActiveCfg = Release|Any CPU
		{F3869856-2FE0-423C-961F-A8FADC7AEB68}.Release|Any CPU.Build.0 = Release|Any CPU
	EndGlobalSection
	GlobalSection(SolutionProperties) = preSolution
		HideSolutionNode = FALSE
	EndGlobalSection
	GlobalSection(ExtensibilityGlobals) = postSolution
		SolutionGuid = {1A670237-AEA7-41F0-B942-A37C622138B3}
	EndGlobalSection
EndGlobal
