
Microsoft Visual Studio Solution File, Format Version 12.00
# Visual Studio 15
VisualStudioVersion = 15.0.28010.2016
MinimumVisualStudioVersion = 10.0.40219.1
Project("{8BC9CEB8-8B4A-11D0-8D11-00A0C91BC942}") = "Laba7", "Laba7\Laba7.vcxproj", "{E73BB07A-D12E-4C1A-973F-2FAFA1A123AB}"
EndProject
Global
	GlobalSection(SolutionConfigurationPlatforms) = preSolution
		Debug|x64 = Debug|x64
		Debug|x86 = Debug|x86
		Release|x64 = Release|x64
		Release|x86 = Release|x86
	EndGlobalSection
	GlobalSection(ProjectConfigurationPlatforms) = postSolution
		{E73BB07A-D12E-4C1A-973F-2FAFA1A123AB}.Debug|x64.ActiveCfg = Debug|x64
		{E73BB07A-D12E-4C1A-973F-2FAFA1A123AB}.Debug|x64.Build.0 = Debug|x64
		{E73BB07A-D12E-4C1A-973F-2FAFA1A123AB}.Debug|x86.ActiveCfg = Debug|Win32
		{E73BB07A-D12E-4C1A-973F-2FAFA1A123AB}.Debug|x86.Build.0 = Debug|Win32
		{E73BB07A-D12E-4C1A-973F-2FAFA1A123AB}.Release|x64.ActiveCfg = Release|x64
		{E73BB07A-D12E-4C1A-973F-2FAFA1A123AB}.Release|x64.Build.0 = Release|x64
		{E73BB07A-D12E-4C1A-973F-2FAFA1A123AB}.Release|x86.ActiveCfg = Release|Win32
		{E73BB07A-D12E-4C1A-973F-2FAFA1A123AB}.Release|x86.Build.0 = Release|Win32
	EndGlobalSection
	GlobalSection(SolutionProperties) = preSolution
		HideSolutionNode = FALSE
	EndGlobalSection
	GlobalSection(ExtensibilityGlobals) = postSolution
		SolutionGuid = {40954A20-F291-497B-8BD4-C9FF36585E8E}
	EndGlobalSection
EndGlobal
