
Microsoft Visual Studio Solution File, Format Version 12.00
# Visual Studio Version 16
VisualStudioVersion = 16.0.30104.148
MinimumVisualStudioVersion = 10.0.40219.1
Project("{FAE04EC0-301F-11D3-BF4B-00C04F79EFBC}") = "Судоку", "Судоку\Судоку.csproj", "{40B775B4-1046-4363-ABA9-201B46682E6E}"
EndProject
Global
	GlobalSection(SolutionConfigurationPlatforms) = preSolution
		Debug|Any CPU = Debug|Any CPU
		Release|Any CPU = Release|Any CPU
	EndGlobalSection
	GlobalSection(ProjectConfigurationPlatforms) = postSolution
		{40B775B4-1046-4363-ABA9-201B46682E6E}.Debug|Any CPU.ActiveCfg = Debug|Any CPU
		{40B775B4-1046-4363-ABA9-201B46682E6E}.Debug|Any CPU.Build.0 = Debug|Any CPU
		{40B775B4-1046-4363-ABA9-201B46682E6E}.Release|Any CPU.ActiveCfg = Release|Any CPU
		{40B775B4-1046-4363-ABA9-201B46682E6E}.Release|Any CPU.Build.0 = Release|Any CPU
	EndGlobalSection
	GlobalSection(SolutionProperties) = preSolution
		HideSolutionNode = FALSE
	EndGlobalSection
	GlobalSection(ExtensibilityGlobals) = postSolution
		SolutionGuid = {FC3138CB-E570-4731-8BA7-E4026369623A}
	EndGlobalSection
EndGlobal
