
Microsoft Visual Studio Solution File, Format Version 12.00
# Visual Studio 2012
Project("{8BC9CEB8-8B4A-11D0-8D11-00A0C91BC942}") = "Laba13", "Laba13\Laba13.vcxproj", "{B21B3EFF-1DF6-442C-B9B2-6A840D10CFFB}"
EndProject
Global
	GlobalSection(SolutionConfigurationPlatforms) = preSolution
		Debug|Win32 = Debug|Win32
		Release|Win32 = Release|Win32
	EndGlobalSection
	GlobalSection(ProjectConfigurationPlatforms) = postSolution
		{B21B3EFF-1DF6-442C-B9B2-6A840D10CFFB}.Debug|Win32.ActiveCfg = Debug|Win32
		{B21B3EFF-1DF6-442C-B9B2-6A840D10CFFB}.Debug|Win32.Build.0 = Debug|Win32
		{B21B3EFF-1DF6-442C-B9B2-6A840D10CFFB}.Release|Win32.ActiveCfg = Release|Win32
		{B21B3EFF-1DF6-442C-B9B2-6A840D10CFFB}.Release|Win32.Build.0 = Release|Win32
	EndGlobalSection
	GlobalSection(SolutionProperties) = preSolution
		HideSolutionNode = FALSE
	EndGlobalSection
EndGlobal
