
Microsoft Visual Studio Solution File, Format Version 12.00
# Visual Studio Version 16
VisualStudioVersion = 16.0.30320.27
MinimumVisualStudioVersion = 10.0.40219.1
Project("{FAE04EC0-301F-11D3-BF4B-00C04F79EFBC}") = "Laba7", "Laba7\Laba7.csproj", "{C189684E-9366-46E2-B300-040111431B79}"
EndProject
Global
	GlobalSection(SolutionConfigurationPlatforms) = preSolution
		Debug|Any CPU = Debug|Any CPU
		Release|Any CPU = Release|Any CPU
	EndGlobalSection
	GlobalSection(ProjectConfigurationPlatforms) = postSolution
		{C189684E-9366-46E2-B300-040111431B79}.Debug|Any CPU.ActiveCfg = Debug|Any CPU
		{C189684E-9366-46E2-B300-040111431B79}.Debug|Any CPU.Build.0 = Debug|Any CPU
		{C189684E-9366-46E2-B300-040111431B79}.Release|Any CPU.ActiveCfg = Release|Any CPU
		{C189684E-9366-46E2-B300-040111431B79}.Release|Any CPU.Build.0 = Release|Any CPU
	EndGlobalSection
	GlobalSection(SolutionProperties) = preSolution
		HideSolutionNode = FALSE
	EndGlobalSection
	GlobalSection(ExtensibilityGlobals) = postSolution
		SolutionGuid = {4A0611DC-53B1-46BC-ACA7-E19A4295C25D}
	EndGlobalSection
EndGlobal
