
Microsoft Visual Studio Solution File, Format Version 12.00
# Visual Studio 15
VisualStudioVersion = 15.0.28010.2003
MinimumVisualStudioVersion = 10.0.40219.1
Project("{8BC9CEB8-8B4A-11D0-8D11-00A0C91BC942}") = "Лаба10", "Лаба10\Лаба10.vcxproj", "{D6BD4461-D83E-4366-978B-43E58E77C3FE}"
EndProject
Global
	GlobalSection(SolutionConfigurationPlatforms) = preSolution
		Debug|x64 = Debug|x64
		Debug|x86 = Debug|x86
		Release|x64 = Release|x64
		Release|x86 = Release|x86
	EndGlobalSection
	GlobalSection(ProjectConfigurationPlatforms) = postSolution
		{D6BD4461-D83E-4366-978B-43E58E77C3FE}.Debug|x64.ActiveCfg = Debug|x64
		{D6BD4461-D83E-4366-978B-43E58E77C3FE}.Debug|x64.Build.0 = Debug|x64
		{D6BD4461-D83E-4366-978B-43E58E77C3FE}.Debug|x86.ActiveCfg = Debug|Win32
		{D6BD4461-D83E-4366-978B-43E58E77C3FE}.Debug|x86.Build.0 = Debug|Win32
		{D6BD4461-D83E-4366-978B-43E58E77C3FE}.Release|x64.ActiveCfg = Release|x64
		{D6BD4461-D83E-4366-978B-43E58E77C3FE}.Release|x64.Build.0 = Release|x64
		{D6BD4461-D83E-4366-978B-43E58E77C3FE}.Release|x86.ActiveCfg = Release|Win32
		{D6BD4461-D83E-4366-978B-43E58E77C3FE}.Release|x86.Build.0 = Release|Win32
	EndGlobalSection
	GlobalSection(SolutionProperties) = preSolution
		HideSolutionNode = FALSE
	EndGlobalSection
	GlobalSection(ExtensibilityGlobals) = postSolution
		SolutionGuid = {75EC298D-81DA-4C70-AB8E-5B7DCDB676C5}
	EndGlobalSection
EndGlobal
