
Microsoft Visual Studio Solution File, Format Version 12.00
# Visual Studio 2012
Project("{FAE04EC0-301F-11D3-BF4B-00C04F79EFBC}") = "Работа с артиками", "Работа с артиками\Работа с артиками.csproj", "{721209C4-F569-442F-B1D5-6E3E4C87CCEE}"
EndProject
Global
	GlobalSection(SolutionConfigurationPlatforms) = preSolution
		Debug|Any CPU = Debug|Any CPU
		Release|Any CPU = Release|Any CPU
	EndGlobalSection
	GlobalSection(ProjectConfigurationPlatforms) = postSolution
		{721209C4-F569-442F-B1D5-6E3E4C87CCEE}.Debug|Any CPU.ActiveCfg = Debug|Any CPU
		{721209C4-F569-442F-B1D5-6E3E4C87CCEE}.Debug|Any CPU.Build.0 = Debug|Any CPU
		{721209C4-F569-442F-B1D5-6E3E4C87CCEE}.Release|Any CPU.ActiveCfg = Release|Any CPU
		{721209C4-F569-442F-B1D5-6E3E4C87CCEE}.Release|Any CPU.Build.0 = Release|Any CPU
	EndGlobalSection
	GlobalSection(SolutionProperties) = preSolution
		HideSolutionNode = FALSE
	EndGlobalSection
	GlobalSection(Performance) = preSolution
		HasPerformanceSessions = true
	EndGlobalSection
EndGlobal
